
Microsoft Visual Studio Solution File, Format Version 12.00
# Visual Studio 15
VisualStudioVersion = 15.0.28010.2046
MinimumVisualStudioVersion = 10.0.40219.1
Project("{FAE04EC0-301F-11D3-BF4B-00C04F79EFBC}") = "EsercizioStruttureDati 2", "EsercizioStruttureDati 2\EsercizioStruttureDati 2.csproj", "{CF819AE0-22E8-4498-98CA-47CDFEE093BE}"
EndProject
Global
	GlobalSection(SolutionConfigurationPlatforms) = preSolution
		Debug|Any CPU = Debug|Any CPU
		Release|Any CPU = Release|Any CPU
	EndGlobalSection
	GlobalSection(ProjectConfigurationPlatforms) = postSolution
		{CF819AE0-22E8-4498-98CA-47CDFEE093BE}.Debug|Any CPU.ActiveCfg = Debug|Any CPU
		{CF819AE0-22E8-4498-98CA-47CDFEE093BE}.Debug|Any CPU.Build.0 = Debug|Any CPU
		{CF819AE0-22E8-4498-98CA-47CDFEE093BE}.Release|Any CPU.ActiveCfg = Release|Any CPU
		{CF819AE0-22E8-4498-98CA-47CDFEE093BE}.Release|Any CPU.Build.0 = Release|Any CPU
	EndGlobalSection
	GlobalSection(SolutionProperties) = preSolution
		HideSolutionNode = FALSE
	EndGlobalSection
	GlobalSection(ExtensibilityGlobals) = postSolution
		SolutionGuid = {C09CEB8D-32B1-4373-8768-8C02AE4FFB4E}
	EndGlobalSection
EndGlobal
